PODS:
  - Flutter (1.0.0)
  - geocoding_ios (1.0.5):
    - Flutter
  - google_mlkit_commons (0.9.0):
    - Flutter
    - MLKitVision
  - google_mlkit_face_detection (0.12.0):
    - Flutter
    - google_mlkit_commons
    - GoogleMLKit/FaceDetection (~> 7.0.0)
  - google_mlkit_image_labeling (0.13.0):
    - Flutter
    - google_mlkit_commons
    - GoogleMLKit/ImageLabeling (~> 7.0.0)
    - GoogleMLKit/ImageLabelingCustom (~> 7.0.0)
  - GoogleDataTransport (10.1.0):
    - nanopb (~> 3.30910.0)
    - PromisesObjC (~> 2.4)
  - GoogleMLKit/FaceDetection (7.0.0):
    - GoogleMLKit/MLKitCore
    - MLKitFaceDetection (~> 6.0.0)
  - GoogleMLKit/ImageLabeling (7.0.0):
    - GoogleMLKit/MLKitCore
    - MLKitImageLabeling (~> 6.0.0)
  - GoogleMLKit/ImageLabelingCustom (7.0.0):
    - GoogleMLKit/MLKitCore
    - MLKitImageLabelingCustom (~> 6.0.0)
  - GoogleMLKit/MLKitCore (7.0.0):
    - MLKitCommon (~> 12.0.0)
  - GoogleToolboxForMac/Defines (4.2.1)
  - GoogleToolboxForMac/Logger (4.2.1):
    - GoogleToolboxForMac/Defines (= 4.2.1)
  - "GoogleToolboxForMac/NSData+zlib (4.2.1)":
    - GoogleToolboxForMac/Defines (= 4.2.1)
  - GoogleUtilities/Environment (8.1.0):
    - GoogleUtilities/Privacy
  - GoogleUtilities/Logger (8.1.0):
    - GoogleUtilities/Environment
    - GoogleUtilities/Privacy
  - GoogleUtilities/Privacy (8.1.0)
  - GoogleUtilities/UserDefaults (8.1.0):
    - GoogleUtilities/Logger
    - GoogleUtilities/Privacy
  - GTMSessionFetcher/Core (3.5.0)
  - isar_flutter_libs (1.0.0):
    - Flutter
  - MLImage (1.0.0-beta6)
  - MLKitCommon (12.0.0):
    - GoogleDataTransport (~> 10.0)
    - GoogleToolboxForMac/Logger (< 5.0, >= 4.2.1)
    - "GoogleToolboxForMac/NSData+zlib (< 5.0, >= 4.2.1)"
    - GoogleUtilities/Logger (~> 8.0)
    - GoogleUtilities/UserDefaults (~> 8.0)
    - GTMSessionFetcher/Core (< 4.0, >= 3.3.2)
  - MLKitFaceDetection (6.0.0):
    - MLKitCommon (~> 12.0)
    - MLKitVision (~> 8.0)
  - MLKitImageLabeling (6.0.0):
    - MLKitCommon (~> 12.0)
    - MLKitImageLabelingCommon (~> 8.0)
    - MLKitVision (~> 8.0)
    - MLKitVisionKit (~> 9.0)
  - MLKitImageLabelingCommon (8.0.0):
    - MLKitCommon (~> 12.0)
    - MLKitVision (~> 8.0)
  - MLKitImageLabelingCustom (6.0.0):
    - MLKitCommon (~> 12.0)
    - MLKitImageLabelingCommon (~> 8.0)
    - MLKitVision (~> 8.0)
    - MLKitVisionKit (~> 9.0)
  - MLKitObjectDetectionCommon (8.0.0):
    - MLKitCommon (~> 12.0)
    - MLKitVision (~> 8.0)
  - MLKitVision (8.0.0):
    - GoogleToolboxForMac/Logger (< 5.0, >= 4.2.1)
    - "GoogleToolboxForMac/NSData+zlib (< 5.0, >= 4.2.1)"
    - GTMSessionFetcher/Core (< 4.0, >= 3.3.2)
    - MLImage (= 1.0.0-beta6)
    - MLKitCommon (~> 12.0)
  - MLKitVisionKit (9.0.0):
    - MLKitCommon (~> 12.0)
    - MLKitImageLabelingCommon (~> 8.0)
    - MLKitObjectDetectionCommon (~> 8.0)
    - MLKitVision (~> 8.0)
  - nanopb (3.30910.0):
    - nanopb/decode (= 3.30910.0)
    - nanopb/encode (= 3.30910.0)
  - nanopb/decode (3.30910.0)
  - nanopb/encode (3.30910.0)
  - photo_manager (3.8.3):
    - Flutter
    - FlutterMacOS
  - PromisesObjC (2.4.0)

DEPENDENCIES:
  - Flutter (from `Flutter`)
  - geocoding_ios (from `.symlinks/plugins/geocoding_ios/ios`)
  - google_mlkit_commons (from `.symlinks/plugins/google_mlkit_commons/ios`)
  - google_mlkit_face_detection (from `.symlinks/plugins/google_mlkit_face_detection/ios`)
  - google_mlkit_image_labeling (from `.symlinks/plugins/google_mlkit_image_labeling/ios`)
  - isar_flutter_libs (from `.symlinks/plugins/isar_flutter_libs/ios`)
  - photo_manager (from `.symlinks/plugins/photo_manager/darwin`)

SPEC REPOS:
  trunk:
    - GoogleDataTransport
    - GoogleMLKit
    - GoogleToolboxForMac
    - GoogleUtilities
    - GTMSessionFetcher
    - MLImage
    - MLKitCommon
    - MLKitFaceDetection
    - MLKitImageLabeling
    - MLKitImageLabelingCommon
    - MLKitImageLabelingCustom
    - MLKitObjectDetectionCommon
    - MLKitVision
    - MLKitVisionKit
    - nanopb
    - PromisesObjC

EXTERNAL SOURCES:
  Flutter:
    :path: Flutter
  geocoding_ios:
    :path: ".symlinks/plugins/geocoding_ios/ios"
  google_mlkit_commons:
    :path: ".symlinks/plugins/google_mlkit_commons/ios"
  google_mlkit_face_detection:
    :path: ".symlinks/plugins/google_mlkit_face_detection/ios"
  google_mlkit_image_labeling:
    :path: ".symlinks/plugins/google_mlkit_image_labeling/ios"
  isar_flutter_libs:
    :path: ".symlinks/plugins/isar_flutter_libs/ios"
  photo_manager:
    :path: ".symlinks/plugins/photo_manager/darwin"

SPEC CHECKSUMS:
  Flutter: cabc95a1d2626b1b06e7179b784ebcf0c0cde467
  geocoding_ios: 33776c9ebb98d037b5e025bb0e7537f6dd19646e
  google_mlkit_commons: 92c769cc2e0a2bfdeb3c38091a36e8a9cc8c63d4
  google_mlkit_face_detection: 76f493a9ffcb1aeb0ad4abd13ea58403e092ab84
  google_mlkit_image_labeling: e01dfa7cf050b00f8db79e37ae385c0f4ea82de6
  GoogleDataTransport: aae35b7ea0c09004c3797d53c8c41f66f219d6a7
  GoogleMLKit: eff9e23ec1d90ea4157a1ee2e32a4f610c5b3318
  GoogleToolboxForMac: d1a2cbf009c453f4d6ded37c105e2f67a32206d8
  GoogleUtilities: 00c88b9a86066ef77f0da2fab05f65d7768ed8e1
  GTMSessionFetcher: 5aea5ba6bd522a239e236100971f10cb71b96ab6
  isar_flutter_libs: 9fc2cfb928c539e1b76c481ba5d143d556d94920
  MLImage: 0ad1c5f50edd027672d8b26b0fee78a8b4a0fc56
  MLKitCommon: 07c2c33ae5640e5380beaaa6e4b9c249a205542d
  MLKitFaceDetection: 2a593db4837db503ad3426b565e7aab045cefea5
  MLKitImageLabeling: 7f052589de9ffde213bc2c26854d212ea4dde17a
  MLKitImageLabelingCommon: 23f0c9037c2c6433784db594bd1bb87173172fe9
  MLKitImageLabelingCustom: 594c49fa1bb809ec05215bb4ac1c15729c7a601a
  MLKitObjectDetectionCommon: 0198709a728984e3b6fac98a5fa53a8042880336
  MLKitVision: 45e79d68845a2de77e2dd4d7f07947f0ed157b0e
  MLKitVisionKit: 8a7abd5f11aeb1add2942a694c2685eca422a849
  nanopb: fad817b59e0457d11a5dfbde799381cd727c1275
  photo_manager: fe4cbb0808b96f8be4af7ce6ae18dcd9c9b983c6
  PromisesObjC: f5707f49cb48b9636751c5b2e7d227e43fba9f47

PODFILE CHECKSUM: c44551d04b36de650c091a5e3e0b4597278469bc

COCOAPODS: 1.16.2
